
Microsoft Visual Studio Solution File, Format Version 12.00
# Visual Studio Version 17
VisualStudioVersion = 17.9.34616.47
MinimumVisualStudioVersion = 10.0.40219.1
Project("{FAE04EC0-301F-11D3-BF4B-00C04F79EFBC}") = "NewBench", "NewBench\NewBench.csproj", "{14662E2D-4AC8-47E2-9DEF-ADE0E9CA886E}"
EndProject
Project("{FAE04EC0-301F-11D3-BF4B-00C04F79EFBC}") = "NewBench.Core", "NewBench.Core\NewBench.Core.csproj", "{9F8F0DBF-7741-4571-8B28-6194EE1DC8CC}"
EndProject
Project("{FAE04EC0-301F-11D3-BF4B-00C04F79EFBC}") = "NewBench.API", "NewBench.API\NewBench.API.csproj", "{44E3AD08-98CA-482F-A19B-FC9F9B97BBAF}"
EndProject
Global
	GlobalSection(SolutionConfigurationPlatforms) = preSolution
		Debug|Any CPU = Debug|Any CPU
		Debug|ARM = Debug|ARM
		Debug|ARM64 = Debug|ARM64
		Debug|x64 = Debug|x64
		Debug|x86 = Debug|x86
		Release|Any CPU = Release|Any CPU
		Release|ARM = Release|ARM
		Release|ARM64 = Release|ARM64
		Release|x64 = Release|x64
		Release|x86 = Release|x86
	EndGlobalSection
	GlobalSection(ProjectConfigurationPlatforms) = postSolution
		{14662E2D-4AC8-47E2-9DEF-ADE0E9CA886E}.Debug|Any CPU.ActiveCfg = Debug|Any CPU
		{14662E2D-4AC8-47E2-9DEF-ADE0E9CA886E}.Debug|Any CPU.Build.0 = Debug|Any CPU
		{14662E2D-4AC8-47E2-9DEF-ADE0E9CA886E}.Debug|ARM.ActiveCfg = Debug|Any CPU
		{14662E2D-4AC8-47E2-9DEF-ADE0E9CA886E}.Debug|ARM.Build.0 = Debug|Any CPU
		{14662E2D-4AC8-47E2-9DEF-ADE0E9CA886E}.Debug|ARM64.ActiveCfg = Debug|Any CPU
		{14662E2D-4AC8-47E2-9DEF-ADE0E9CA886E}.Debug|ARM64.Build.0 = Debug|Any CPU
		{14662E2D-4AC8-47E2-9DEF-ADE0E9CA886E}.Debug|x64.ActiveCfg = Debug|Any CPU
		{14662E2D-4AC8-47E2-9DEF-ADE0E9CA886E}.Debug|x64.Build.0 = Debug|Any CPU
		{14662E2D-4AC8-47E2-9DEF-ADE0E9CA886E}.Debug|x86.ActiveCfg = Debug|Any CPU
		{14662E2D-4AC8-47E2-9DEF-ADE0E9CA886E}.Debug|x86.Build.0 = Debug|Any CPU
		{14662E2D-4AC8-47E2-9DEF-ADE0E9CA886E}.Release|Any CPU.ActiveCfg = Release|Any CPU
		{14662E2D-4AC8-47E2-9DEF-ADE0E9CA886E}.Release|Any CPU.Build.0 = Release|Any CPU
		{14662E2D-4AC8-47E2-9DEF-ADE0E9CA886E}.Release|ARM.ActiveCfg = Release|Any CPU
		{14662E2D-4AC8-47E2-9DEF-ADE0E9CA886E}.Release|ARM.Build.0 = Release|Any CPU
		{14662E2D-4AC8-47E2-9DEF-ADE0E9CA886E}.Release|ARM64.ActiveCfg = Release|Any CPU
		{14662E2D-4AC8-47E2-9DEF-ADE0E9CA886E}.Release|ARM64.Build.0 = Release|Any CPU
		{14662E2D-4AC8-47E2-9DEF-ADE0E9CA886E}.Release|x64.ActiveCfg = Release|Any CPU
		{14662E2D-4AC8-47E2-9DEF-ADE0E9CA886E}.Release|x64.Build.0 = Release|Any CPU
		{14662E2D-4AC8-47E2-9DEF-ADE0E9CA886E}.Release|x86.ActiveCfg = Release|Any CPU
		{14662E2D-4AC8-47E2-9DEF-ADE0E9CA886E}.Release|x86.Build.0 = Release|Any CPU
		{9F8F0DBF-7741-4571-8B28-6194EE1DC8CC}.Debug|Any CPU.ActiveCfg = Debug|Any CPU
		{9F8F0DBF-7741-4571-8B28-6194EE1DC8CC}.Debug|Any CPU.Build.0 = Debug|Any CPU
		{9F8F0DBF-7741-4571-8B28-6194EE1DC8CC}.Debug|ARM.ActiveCfg = Debug|Any CPU
		{9F8F0DBF-7741-4571-8B28-6194EE1DC8CC}.Debug|ARM.Build.0 = Debug|Any CPU
		{9F8F0DBF-7741-4571-8B28-6194EE1DC8CC}.Debug|ARM64.ActiveCfg = Debug|Any CPU
		{9F8F0DBF-7741-4571-8B28-6194EE1DC8CC}.Debug|ARM64.Build.0 = Debug|Any CPU
		{9F8F0DBF-7741-4571-8B28-6194EE1DC8CC}.Debug|x64.ActiveCfg = Debug|Any CPU
		{9F8F0DBF-7741-4571-8B28-6194EE1DC8CC}.Debug|x64.Build.0 = Debug|Any CPU
		{9F8F0DBF-7741-4571-8B28-6194EE1DC8CC}.Debug|x86.ActiveCfg = Debug|Any CPU
		{9F8F0DBF-7741-4571-8B28-6194EE1DC8CC}.Debug|x86.Build.0 = Debug|Any CPU
		{9F8F0DBF-7741-4571-8B28-6194EE1DC8CC}.Release|Any CPU.ActiveCfg = Release|Any CPU
		{9F8F0DBF-7741-4571-8B28-6194EE1DC8CC}.Release|Any CPU.Build.0 = Release|Any CPU
		{9F8F0DBF-7741-4571-8B28-6194EE1DC8CC}.Release|ARM.ActiveCfg = Release|Any CPU
		{9F8F0DBF-7741-4571-8B28-6194EE1DC8CC}.Release|ARM.Build.0 = Release|Any CPU
		{9F8F0DBF-7741-4571-8B28-6194EE1DC8CC}.Release|ARM64.ActiveCfg = Release|Any CPU
		{9F8F0DBF-7741-4571-8B28-6194EE1DC8CC}.Release|ARM64.Build.0 = Release|Any CPU
		{9F8F0DBF-7741-4571-8B28-6194EE1DC8CC}.Release|x64.ActiveCfg = Release|Any CPU
		{9F8F0DBF-7741-4571-8B28-6194EE1DC8CC}.Release|x64.Build.0 = Release|Any CPU
		{9F8F0DBF-7741-4571-8B28-6194EE1DC8CC}.Release|x86.ActiveCfg = Release|Any CPU
		{9F8F0DBF-7741-4571-8B28-6194EE1DC8CC}.Release|x86.Build.0 = Release|Any CPU
		{44E3AD08-98CA-482F-A19B-FC9F9B97BBAF}.Debug|Any CPU.ActiveCfg = Debug|Any CPU
		{44E3AD08-98CA-482F-A19B-FC9F9B97BBAF}.Debug|Any CPU.Build.0 = Debug|Any CPU
		{44E3AD08-98CA-482F-A19B-FC9F9B97BBAF}.Debug|ARM.ActiveCfg = Debug|Any CPU
		{44E3AD08-98CA-482F-A19B-FC9F9B97BBAF}.Debug|ARM.Build.0 = Debug|Any CPU
		{44E3AD08-98CA-482F-A19B-FC9F9B97BBAF}.Debug|ARM64.ActiveCfg = Debug|Any CPU
		{44E3AD08-98CA-482F-A19B-FC9F9B97BBAF}.Debug|ARM64.Build.0 = Debug|Any CPU
		{44E3AD08-98CA-482F-A19B-FC9F9B97BBAF}.Debug|x64.ActiveCfg = Debug|Any CPU
		{44E3AD08-98CA-482F-A19B-FC9F9B97BBAF}.Debug|x64.Build.0 = Debug|Any CPU
		{44E3AD08-98CA-482F-A19B-FC9F9B97BBAF}.Debug|x86.ActiveCfg = Debug|Any CPU
		{44E3AD08-98CA-482F-A19B-FC9F9B97BBAF}.Debug|x86.Build.0 = Debug|Any CPU
		{44E3AD08-98CA-482F-A19B-FC9F9B97BBAF}.Release|Any CPU.ActiveCfg = Release|Any CPU
		{44E3AD08-98CA-482F-A19B-FC9F9B97BBAF}.Release|Any CPU.Build.0 = Release|Any CPU
		{44E3AD08-98CA-482F-A19B-FC9F9B97BBAF}.Release|ARM.ActiveCfg = Release|Any CPU
		{44E3AD08-98CA-482F-A19B-FC9F9B97BBAF}.Release|ARM.Build.0 = Release|Any CPU
		{44E3AD08-98CA-482F-A19B-FC9F9B97BBAF}.Release|ARM64.ActiveCfg = Release|Any CPU
		{44E3AD08-98CA-482F-A19B-FC9F9B97BBAF}.Release|ARM64.Build.0 = Release|Any CPU
		{44E3AD08-98CA-482F-A19B-FC9F9B97BBAF}.Release|x64.ActiveCfg = Release|Any CPU
		{44E3AD08-98CA-482F-A19B-FC9F9B97BBAF}.Release|x64.Build.0 = Release|Any CPU
		{44E3AD08-98CA-482F-A19B-FC9F9B97BBAF}.Release|x86.ActiveCfg = Release|Any CPU
		{44E3AD08-98CA-482F-A19B-FC9F9B97BBAF}.Release|x86.Build.0 = Release|Any CPU
	EndGlobalSection
	GlobalSection(SolutionProperties) = preSolution
		HideSolutionNode = FALSE
	EndGlobalSection
	GlobalSection(ExtensibilityGlobals) = postSolution
		SolutionGuid = {61117095-1DBF-407A-953A-3EE8698F3672}
	EndGlobalSection
EndGlobal
