
Microsoft Visual Studio Solution File, Format Version 12.00
# Visual Studio Version 17
VisualStudioVersion = 17.9.34616.47
MinimumVisualStudioVersion = 10.0.40219.1
Project("{9A19103F-16F7-4668-BE54-9A1E7A4F7556}") = "NewBench", "NewBench\NewBench.csproj", "{14662E2D-4AC8-47E2-9DEF-ADE0E9CA886E}"
EndProject
Project("{9A19103F-16F7-4668-BE54-9A1E7A4F7556}") = "NewBench.Core", "NewBench.Core\NewBench.Core.csproj", "{9F8F0DBF-7741-4571-8B28-6194EE1DC8CC}"
EndProject
Project("{9A19103F-16F7-4668-BE54-9A1E7A4F7556}") = "NewBench.API", "NewBench.API\NewBench.API.csproj", "{44E3AD08-98CA-482F-A19B-FC9F9B97BBAF}"
EndProject
Project("{FAE04EC0-301F-11D3-BF4B-00C04F79EFBC}") = "NewBench.InstanceContainer", "NewBench.InstanceContainer\NewBench.InstanceContainer.csproj", "{3304F387-F748-4D65-930C-E26518377503}"
EndProject
Project("{FAE04EC0-301F-11D3-BF4B-00C04F79EFBC}") = "NewBench.Processor", "NewBench.Processor\NewBench.Processor.csproj", "{1FD94704-B25A-45FA-944C-86435BD3C24D}"
EndProject
Project("{FAE04EC0-301F-11D3-BF4B-00C04F79EFBC}") = "NewBench.Factory", "NewBench.Factory\NewBench.Factory.csproj", "{C55AE918-0441-4079-92FF-D25A2F932738}"
EndProject
Project("{FAE04EC0-301F-11D3-BF4B-00C04F79EFBC}") = "NewBench.Business", "NewBench.Business\NewBench.Business.csproj", "{B07C088C-B34F-4943-8E6B-C02475C56CD5}"
EndProject
Project("{FAE04EC0-301F-11D3-BF4B-00C04F79EFBC}") = "NewBench.Domain", "NewBench.Domain\NewBench.Domain.csproj", "{1369A71C-F651-43F4-B810-C363085CD344}"
EndProject
Project("{FAE04EC0-301F-11D3-BF4B-00C04F79EFBC}") = "NewBench.Publisher", "NewBench.Publisher\NewBench.Publisher.csproj", "{8D61F954-44A3-4AEE-9D49-73F388A83488}"
EndProject
Project("{FAE04EC0-301F-11D3-BF4B-00C04F79EFBC}") = "NewBench.Coordinator", "NewBench.Coordinator\NewBench.Coordinator.csproj", "{D2B81D33-032E-443E-BCA3-46726C3FDD41}"
EndProject
Global
	GlobalSection(SolutionConfigurationPlatforms) = preSolution
		Debug|Any CPU = Debug|Any CPU
		Debug|ARM = Debug|ARM
		Debug|ARM64 = Debug|ARM64
		Debug|x64 = Debug|x64
		Debug|x86 = Debug|x86
		Release|Any CPU = Release|Any CPU
		Release|ARM = Release|ARM
		Release|ARM64 = Release|ARM64
		Release|x64 = Release|x64
		Release|x86 = Release|x86
	EndGlobalSection
	GlobalSection(ProjectConfigurationPlatforms) = postSolution
		{14662E2D-4AC8-47E2-9DEF-ADE0E9CA886E}.Debug|Any CPU.ActiveCfg = Debug|Any CPU
		{14662E2D-4AC8-47E2-9DEF-ADE0E9CA886E}.Debug|Any CPU.Build.0 = Debug|Any CPU
		{14662E2D-4AC8-47E2-9DEF-ADE0E9CA886E}.Debug|ARM.ActiveCfg = Debug|Any CPU
		{14662E2D-4AC8-47E2-9DEF-ADE0E9CA886E}.Debug|ARM.Build.0 = Debug|Any CPU
		{14662E2D-4AC8-47E2-9DEF-ADE0E9CA886E}.Debug|ARM64.ActiveCfg = Debug|Any CPU
		{14662E2D-4AC8-47E2-9DEF-ADE0E9CA886E}.Debug|ARM64.Build.0 = Debug|Any CPU
		{14662E2D-4AC8-47E2-9DEF-ADE0E9CA886E}.Debug|x64.ActiveCfg = Debug|Any CPU
		{14662E2D-4AC8-47E2-9DEF-ADE0E9CA886E}.Debug|x64.Build.0 = Debug|Any CPU
		{14662E2D-4AC8-47E2-9DEF-ADE0E9CA886E}.Debug|x86.ActiveCfg = Debug|Any CPU
		{14662E2D-4AC8-47E2-9DEF-ADE0E9CA886E}.Debug|x86.Build.0 = Debug|Any CPU
		{14662E2D-4AC8-47E2-9DEF-ADE0E9CA886E}.Release|Any CPU.ActiveCfg = Release|Any CPU
		{14662E2D-4AC8-47E2-9DEF-ADE0E9CA886E}.Release|Any CPU.Build.0 = Release|Any CPU
		{14662E2D-4AC8-47E2-9DEF-ADE0E9CA886E}.Release|ARM.ActiveCfg = Release|Any CPU
		{14662E2D-4AC8-47E2-9DEF-ADE0E9CA886E}.Release|ARM.Build.0 = Release|Any CPU
		{14662E2D-4AC8-47E2-9DEF-ADE0E9CA886E}.Release|ARM64.ActiveCfg = Release|Any CPU
		{14662E2D-4AC8-47E2-9DEF-ADE0E9CA886E}.Release|ARM64.Build.0 = Release|Any CPU
		{14662E2D-4AC8-47E2-9DEF-ADE0E9CA886E}.Release|x64.ActiveCfg = Release|Any CPU
		{14662E2D-4AC8-47E2-9DEF-ADE0E9CA886E}.Release|x64.Build.0 = Release|Any CPU
		{14662E2D-4AC8-47E2-9DEF-ADE0E9CA886E}.Release|x86.ActiveCfg = Release|Any CPU
		{14662E2D-4AC8-47E2-9DEF-ADE0E9CA886E}.Release|x86.Build.0 = Release|Any CPU
		{9F8F0DBF-7741-4571-8B28-6194EE1DC8CC}.Debug|Any CPU.ActiveCfg = Debug|Any CPU
		{9F8F0DBF-7741-4571-8B28-6194EE1DC8CC}.Debug|Any CPU.Build.0 = Debug|Any CPU
		{9F8F0DBF-7741-4571-8B28-6194EE1DC8CC}.Debug|ARM.ActiveCfg = Debug|Any CPU
		{9F8F0DBF-7741-4571-8B28-6194EE1DC8CC}.Debug|ARM.Build.0 = Debug|Any CPU
		{9F8F0DBF-7741-4571-8B28-6194EE1DC8CC}.Debug|ARM64.ActiveCfg = Debug|Any CPU
		{9F8F0DBF-7741-4571-8B28-6194EE1DC8CC}.Debug|ARM64.Build.0 = Debug|Any CPU
		{9F8F0DBF-7741-4571-8B28-6194EE1DC8CC}.Debug|x64.ActiveCfg = Debug|Any CPU
		{9F8F0DBF-7741-4571-8B28-6194EE1DC8CC}.Debug|x64.Build.0 = Debug|Any CPU
		{9F8F0DBF-7741-4571-8B28-6194EE1DC8CC}.Debug|x86.ActiveCfg = Debug|Any CPU
		{9F8F0DBF-7741-4571-8B28-6194EE1DC8CC}.Debug|x86.Build.0 = Debug|Any CPU
		{9F8F0DBF-7741-4571-8B28-6194EE1DC8CC}.Release|Any CPU.ActiveCfg = Release|Any CPU
		{9F8F0DBF-7741-4571-8B28-6194EE1DC8CC}.Release|Any CPU.Build.0 = Release|Any CPU
		{9F8F0DBF-7741-4571-8B28-6194EE1DC8CC}.Release|ARM.ActiveCfg = Release|Any CPU
		{9F8F0DBF-7741-4571-8B28-6194EE1DC8CC}.Release|ARM.Build.0 = Release|Any CPU
		{9F8F0DBF-7741-4571-8B28-6194EE1DC8CC}.Release|ARM64.ActiveCfg = Release|Any CPU
		{9F8F0DBF-7741-4571-8B28-6194EE1DC8CC}.Release|ARM64.Build.0 = Release|Any CPU
		{9F8F0DBF-7741-4571-8B28-6194EE1DC8CC}.Release|x64.ActiveCfg = Release|Any CPU
		{9F8F0DBF-7741-4571-8B28-6194EE1DC8CC}.Release|x64.Build.0 = Release|Any CPU
		{9F8F0DBF-7741-4571-8B28-6194EE1DC8CC}.Release|x86.ActiveCfg = Release|Any CPU
		{9F8F0DBF-7741-4571-8B28-6194EE1DC8CC}.Release|x86.Build.0 = Release|Any CPU
		{44E3AD08-98CA-482F-A19B-FC9F9B97BBAF}.Debug|Any CPU.ActiveCfg = Debug|Any CPU
		{44E3AD08-98CA-482F-A19B-FC9F9B97BBAF}.Debug|Any CPU.Build.0 = Debug|Any CPU
		{44E3AD08-98CA-482F-A19B-FC9F9B97BBAF}.Debug|ARM.ActiveCfg = Debug|Any CPU
		{44E3AD08-98CA-482F-A19B-FC9F9B97BBAF}.Debug|ARM.Build.0 = Debug|Any CPU
		{44E3AD08-98CA-482F-A19B-FC9F9B97BBAF}.Debug|ARM64.ActiveCfg = Debug|Any CPU
		{44E3AD08-98CA-482F-A19B-FC9F9B97BBAF}.Debug|ARM64.Build.0 = Debug|Any CPU
		{44E3AD08-98CA-482F-A19B-FC9F9B97BBAF}.Debug|x64.ActiveCfg = Debug|Any CPU
		{44E3AD08-98CA-482F-A19B-FC9F9B97BBAF}.Debug|x64.Build.0 = Debug|Any CPU
		{44E3AD08-98CA-482F-A19B-FC9F9B97BBAF}.Debug|x86.ActiveCfg = Debug|Any CPU
		{44E3AD08-98CA-482F-A19B-FC9F9B97BBAF}.Debug|x86.Build.0 = Debug|Any CPU
		{44E3AD08-98CA-482F-A19B-FC9F9B97BBAF}.Release|Any CPU.ActiveCfg = Release|Any CPU
		{44E3AD08-98CA-482F-A19B-FC9F9B97BBAF}.Release|Any CPU.Build.0 = Release|Any CPU
		{44E3AD08-98CA-482F-A19B-FC9F9B97BBAF}.Release|ARM.ActiveCfg = Release|Any CPU
		{44E3AD08-98CA-482F-A19B-FC9F9B97BBAF}.Release|ARM.Build.0 = Release|Any CPU
		{44E3AD08-98CA-482F-A19B-FC9F9B97BBAF}.Release|ARM64.ActiveCfg = Release|Any CPU
		{44E3AD08-98CA-482F-A19B-FC9F9B97BBAF}.Release|ARM64.Build.0 = Release|Any CPU
		{44E3AD08-98CA-482F-A19B-FC9F9B97BBAF}.Release|x64.ActiveCfg = Release|Any CPU
		{44E3AD08-98CA-482F-A19B-FC9F9B97BBAF}.Release|x64.Build.0 = Release|Any CPU
		{44E3AD08-98CA-482F-A19B-FC9F9B97BBAF}.Release|x86.ActiveCfg = Release|Any CPU
		{44E3AD08-98CA-482F-A19B-FC9F9B97BBAF}.Release|x86.Build.0 = Release|Any CPU
		{3304F387-F748-4D65-930C-E26518377503}.Debug|Any CPU.ActiveCfg = Debug|Any CPU
		{3304F387-F748-4D65-930C-E26518377503}.Debug|Any CPU.Build.0 = Debug|Any CPU
		{3304F387-F748-4D65-930C-E26518377503}.Debug|ARM.ActiveCfg = Debug|Any CPU
		{3304F387-F748-4D65-930C-E26518377503}.Debug|ARM.Build.0 = Debug|Any CPU
		{3304F387-F748-4D65-930C-E26518377503}.Debug|ARM64.ActiveCfg = Debug|Any CPU
		{3304F387-F748-4D65-930C-E26518377503}.Debug|ARM64.Build.0 = Debug|Any CPU
		{3304F387-F748-4D65-930C-E26518377503}.Debug|x64.ActiveCfg = Debug|Any CPU
		{3304F387-F748-4D65-930C-E26518377503}.Debug|x64.Build.0 = Debug|Any CPU
		{3304F387-F748-4D65-930C-E26518377503}.Debug|x86.ActiveCfg = Debug|Any CPU
		{3304F387-F748-4D65-930C-E26518377503}.Debug|x86.Build.0 = Debug|Any CPU
		{3304F387-F748-4D65-930C-E26518377503}.Release|Any CPU.ActiveCfg = Release|Any CPU
		{3304F387-F748-4D65-930C-E26518377503}.Release|Any CPU.Build.0 = Release|Any CPU
		{3304F387-F748-4D65-930C-E26518377503}.Release|ARM.ActiveCfg = Release|Any CPU
		{3304F387-F748-4D65-930C-E26518377503}.Release|ARM.Build.0 = Release|Any CPU
		{3304F387-F748-4D65-930C-E26518377503}.Release|ARM64.ActiveCfg = Release|Any CPU
		{3304F387-F748-4D65-930C-E26518377503}.Release|ARM64.Build.0 = Release|Any CPU
		{3304F387-F748-4D65-930C-E26518377503}.Release|x64.ActiveCfg = Release|Any CPU
		{3304F387-F748-4D65-930C-E26518377503}.Release|x64.Build.0 = Release|Any CPU
		{3304F387-F748-4D65-930C-E26518377503}.Release|x86.ActiveCfg = Release|Any CPU
		{3304F387-F748-4D65-930C-E26518377503}.Release|x86.Build.0 = Release|Any CPU
		{1FD94704-B25A-45FA-944C-86435BD3C24D}.Debug|Any CPU.ActiveCfg = Debug|Any CPU
		{1FD94704-B25A-45FA-944C-86435BD3C24D}.Debug|Any CPU.Build.0 = Debug|Any CPU
		{1FD94704-B25A-45FA-944C-86435BD3C24D}.Debug|ARM.ActiveCfg = Debug|Any CPU
		{1FD94704-B25A-45FA-944C-86435BD3C24D}.Debug|ARM.Build.0 = Debug|Any CPU
		{1FD94704-B25A-45FA-944C-86435BD3C24D}.Debug|ARM64.ActiveCfg = Debug|Any CPU
		{1FD94704-B25A-45FA-944C-86435BD3C24D}.Debug|ARM64.Build.0 = Debug|Any CPU
		{1FD94704-B25A-45FA-944C-86435BD3C24D}.Debug|x64.ActiveCfg = Debug|Any CPU
		{1FD94704-B25A-45FA-944C-86435BD3C24D}.Debug|x64.Build.0 = Debug|Any CPU
		{1FD94704-B25A-45FA-944C-86435BD3C24D}.Debug|x86.ActiveCfg = Debug|Any CPU
		{1FD94704-B25A-45FA-944C-86435BD3C24D}.Debug|x86.Build.0 = Debug|Any CPU
		{1FD94704-B25A-45FA-944C-86435BD3C24D}.Release|Any CPU.ActiveCfg = Release|Any CPU
		{1FD94704-B25A-45FA-944C-86435BD3C24D}.Release|Any CPU.Build.0 = Release|Any CPU
		{1FD94704-B25A-45FA-944C-86435BD3C24D}.Release|ARM.ActiveCfg = Release|Any CPU
		{1FD94704-B25A-45FA-944C-86435BD3C24D}.Release|ARM.Build.0 = Release|Any CPU
		{1FD94704-B25A-45FA-944C-86435BD3C24D}.Release|ARM64.ActiveCfg = Release|Any CPU
		{1FD94704-B25A-45FA-944C-86435BD3C24D}.Release|ARM64.Build.0 = Release|Any CPU
		{1FD94704-B25A-45FA-944C-86435BD3C24D}.Release|x64.ActiveCfg = Release|Any CPU
		{1FD94704-B25A-45FA-944C-86435BD3C24D}.Release|x64.Build.0 = Release|Any CPU
		{1FD94704-B25A-45FA-944C-86435BD3C24D}.Release|x86.ActiveCfg = Release|Any CPU
		{1FD94704-B25A-45FA-944C-86435BD3C24D}.Release|x86.Build.0 = Release|Any CPU
		{C55AE918-0441-4079-92FF-D25A2F932738}.Debug|Any CPU.ActiveCfg = Debug|Any CPU
		{C55AE918-0441-4079-92FF-D25A2F932738}.Debug|Any CPU.Build.0 = Debug|Any CPU
		{C55AE918-0441-4079-92FF-D25A2F932738}.Debug|ARM.ActiveCfg = Debug|Any CPU
		{C55AE918-0441-4079-92FF-D25A2F932738}.Debug|ARM.Build.0 = Debug|Any CPU
		{C55AE918-0441-4079-92FF-D25A2F932738}.Debug|ARM64.ActiveCfg = Debug|Any CPU
		{C55AE918-0441-4079-92FF-D25A2F932738}.Debug|ARM64.Build.0 = Debug|Any CPU
		{C55AE918-0441-4079-92FF-D25A2F932738}.Debug|x64.ActiveCfg = Debug|Any CPU
		{C55AE918-0441-4079-92FF-D25A2F932738}.Debug|x64.Build.0 = Debug|Any CPU
		{C55AE918-0441-4079-92FF-D25A2F932738}.Debug|x86.ActiveCfg = Debug|Any CPU
		{C55AE918-0441-4079-92FF-D25A2F932738}.Debug|x86.Build.0 = Debug|Any CPU
		{C55AE918-0441-4079-92FF-D25A2F932738}.Release|Any CPU.ActiveCfg = Release|Any CPU
		{C55AE918-0441-4079-92FF-D25A2F932738}.Release|Any CPU.Build.0 = Release|Any CPU
		{C55AE918-0441-4079-92FF-D25A2F932738}.Release|ARM.ActiveCfg = Release|Any CPU
		{C55AE918-0441-4079-92FF-D25A2F932738}.Release|ARM.Build.0 = Release|Any CPU
		{C55AE918-0441-4079-92FF-D25A2F932738}.Release|ARM64.ActiveCfg = Release|Any CPU
		{C55AE918-0441-4079-92FF-D25A2F932738}.Release|ARM64.Build.0 = Release|Any CPU
		{C55AE918-0441-4079-92FF-D25A2F932738}.Release|x64.ActiveCfg = Release|Any CPU
		{C55AE918-0441-4079-92FF-D25A2F932738}.Release|x64.Build.0 = Release|Any CPU
		{C55AE918-0441-4079-92FF-D25A2F932738}.Release|x86.ActiveCfg = Release|Any CPU
		{C55AE918-0441-4079-92FF-D25A2F932738}.Release|x86.Build.0 = Release|Any CPU
		{B07C088C-B34F-4943-8E6B-C02475C56CD5}.Debug|Any CPU.ActiveCfg = Debug|Any CPU
		{B07C088C-B34F-4943-8E6B-C02475C56CD5}.Debug|Any CPU.Build.0 = Debug|Any CPU
		{B07C088C-B34F-4943-8E6B-C02475C56CD5}.Debug|ARM.ActiveCfg = Debug|Any CPU
		{B07C088C-B34F-4943-8E6B-C02475C56CD5}.Debug|ARM.Build.0 = Debug|Any CPU
		{B07C088C-B34F-4943-8E6B-C02475C56CD5}.Debug|ARM64.ActiveCfg = Debug|Any CPU
		{B07C088C-B34F-4943-8E6B-C02475C56CD5}.Debug|ARM64.Build.0 = Debug|Any CPU
		{B07C088C-B34F-4943-8E6B-C02475C56CD5}.Debug|x64.ActiveCfg = Debug|Any CPU
		{B07C088C-B34F-4943-8E6B-C02475C56CD5}.Debug|x64.Build.0 = Debug|Any CPU
		{B07C088C-B34F-4943-8E6B-C02475C56CD5}.Debug|x86.ActiveCfg = Debug|Any CPU
		{B07C088C-B34F-4943-8E6B-C02475C56CD5}.Debug|x86.Build.0 = Debug|Any CPU
		{B07C088C-B34F-4943-8E6B-C02475C56CD5}.Release|Any CPU.ActiveCfg = Release|Any CPU
		{B07C088C-B34F-4943-8E6B-C02475C56CD5}.Release|Any CPU.Build.0 = Release|Any CPU
		{B07C088C-B34F-4943-8E6B-C02475C56CD5}.Release|ARM.ActiveCfg = Release|Any CPU
		{B07C088C-B34F-4943-8E6B-C02475C56CD5}.Release|ARM.Build.0 = Release|Any CPU
		{B07C088C-B34F-4943-8E6B-C02475C56CD5}.Release|ARM64.ActiveCfg = Release|Any CPU
		{B07C088C-B34F-4943-8E6B-C02475C56CD5}.Release|ARM64.Build.0 = Release|Any CPU
		{B07C088C-B34F-4943-8E6B-C02475C56CD5}.Release|x64.ActiveCfg = Release|Any CPU
		{B07C088C-B34F-4943-8E6B-C02475C56CD5}.Release|x64.Build.0 = Release|Any CPU
		{B07C088C-B34F-4943-8E6B-C02475C56CD5}.Release|x86.ActiveCfg = Release|Any CPU
		{B07C088C-B34F-4943-8E6B-C02475C56CD5}.Release|x86.Build.0 = Release|Any CPU
		{1369A71C-F651-43F4-B810-C363085CD344}.Debug|Any CPU.ActiveCfg = Debug|Any CPU
		{1369A71C-F651-43F4-B810-C363085CD344}.Debug|Any CPU.Build.0 = Debug|Any CPU
		{1369A71C-F651-43F4-B810-C363085CD344}.Debug|ARM.ActiveCfg = Debug|Any CPU
		{1369A71C-F651-43F4-B810-C363085CD344}.Debug|ARM.Build.0 = Debug|Any CPU
		{1369A71C-F651-43F4-B810-C363085CD344}.Debug|ARM64.ActiveCfg = Debug|Any CPU
		{1369A71C-F651-43F4-B810-C363085CD344}.Debug|ARM64.Build.0 = Debug|Any CPU
		{1369A71C-F651-43F4-B810-C363085CD344}.Debug|x64.ActiveCfg = Debug|Any CPU
		{1369A71C-F651-43F4-B810-C363085CD344}.Debug|x64.Build.0 = Debug|Any CPU
		{1369A71C-F651-43F4-B810-C363085CD344}.Debug|x86.ActiveCfg = Debug|Any CPU
		{1369A71C-F651-43F4-B810-C363085CD344}.Debug|x86.Build.0 = Debug|Any CPU
		{1369A71C-F651-43F4-B810-C363085CD344}.Release|Any CPU.ActiveCfg = Release|Any CPU
		{1369A71C-F651-43F4-B810-C363085CD344}.Release|Any CPU.Build.0 = Release|Any CPU
		{1369A71C-F651-43F4-B810-C363085CD344}.Release|ARM.ActiveCfg = Release|Any CPU
		{1369A71C-F651-43F4-B810-C363085CD344}.Release|ARM.Build.0 = Release|Any CPU
		{1369A71C-F651-43F4-B810-C363085CD344}.Release|ARM64.ActiveCfg = Release|Any CPU
		{1369A71C-F651-43F4-B810-C363085CD344}.Release|ARM64.Build.0 = Release|Any CPU
		{1369A71C-F651-43F4-B810-C363085CD344}.Release|x64.ActiveCfg = Release|Any CPU
		{1369A71C-F651-43F4-B810-C363085CD344}.Release|x64.Build.0 = Release|Any CPU
		{1369A71C-F651-43F4-B810-C363085CD344}.Release|x86.ActiveCfg = Release|Any CPU
		{1369A71C-F651-43F4-B810-C363085CD344}.Release|x86.Build.0 = Release|Any CPU
		{8D61F954-44A3-4AEE-9D49-73F388A83488}.Debug|Any CPU.ActiveCfg = Debug|Any CPU
		{8D61F954-44A3-4AEE-9D49-73F388A83488}.Debug|Any CPU.Build.0 = Debug|Any CPU
		{8D61F954-44A3-4AEE-9D49-73F388A83488}.Debug|ARM.ActiveCfg = Debug|Any CPU
		{8D61F954-44A3-4AEE-9D49-73F388A83488}.Debug|ARM.Build.0 = Debug|Any CPU
		{8D61F954-44A3-4AEE-9D49-73F388A83488}.Debug|ARM64.ActiveCfg = Debug|Any CPU
		{8D61F954-44A3-4AEE-9D49-73F388A83488}.Debug|ARM64.Build.0 = Debug|Any CPU
		{8D61F954-44A3-4AEE-9D49-73F388A83488}.Debug|x64.ActiveCfg = Debug|Any CPU
		{8D61F954-44A3-4AEE-9D49-73F388A83488}.Debug|x64.Build.0 = Debug|Any CPU
		{8D61F954-44A3-4AEE-9D49-73F388A83488}.Debug|x86.ActiveCfg = Debug|Any CPU
		{8D61F954-44A3-4AEE-9D49-73F388A83488}.Debug|x86.Build.0 = Debug|Any CPU
		{8D61F954-44A3-4AEE-9D49-73F388A83488}.Release|Any CPU.ActiveCfg = Release|Any CPU
		{8D61F954-44A3-4AEE-9D49-73F388A83488}.Release|Any CPU.Build.0 = Release|Any CPU
		{8D61F954-44A3-4AEE-9D49-73F388A83488}.Release|ARM.ActiveCfg = Release|Any CPU
		{8D61F954-44A3-4AEE-9D49-73F388A83488}.Release|ARM.Build.0 = Release|Any CPU
		{8D61F954-44A3-4AEE-9D49-73F388A83488}.Release|ARM64.ActiveCfg = Release|Any CPU
		{8D61F954-44A3-4AEE-9D49-73F388A83488}.Release|ARM64.Build.0 = Release|Any CPU
		{8D61F954-44A3-4AEE-9D49-73F388A83488}.Release|x64.ActiveCfg = Release|Any CPU
		{8D61F954-44A3-4AEE-9D49-73F388A83488}.Release|x64.Build.0 = Release|Any CPU
		{8D61F954-44A3-4AEE-9D49-73F388A83488}.Release|x86.ActiveCfg = Release|Any CPU
		{8D61F954-44A3-4AEE-9D49-73F388A83488}.Release|x86.Build.0 = Release|Any CPU
		{D2B81D33-032E-443E-BCA3-46726C3FDD41}.Debug|Any CPU.ActiveCfg = Debug|Any CPU
		{D2B81D33-032E-443E-BCA3-46726C3FDD41}.Debug|Any CPU.Build.0 = Debug|Any CPU
		{D2B81D33-032E-443E-BCA3-46726C3FDD41}.Debug|ARM.ActiveCfg = Debug|Any CPU
		{D2B81D33-032E-443E-BCA3-46726C3FDD41}.Debug|ARM.Build.0 = Debug|Any CPU
		{D2B81D33-032E-443E-BCA3-46726C3FDD41}.Debug|ARM64.ActiveCfg = Debug|Any CPU
		{D2B81D33-032E-443E-BCA3-46726C3FDD41}.Debug|ARM64.Build.0 = Debug|Any CPU
		{D2B81D33-032E-443E-BCA3-46726C3FDD41}.Debug|x64.ActiveCfg = Debug|Any CPU
		{D2B81D33-032E-443E-BCA3-46726C3FDD41}.Debug|x64.Build.0 = Debug|Any CPU
		{D2B81D33-032E-443E-BCA3-46726C3FDD41}.Debug|x86.ActiveCfg = Debug|Any CPU
		{D2B81D33-032E-443E-BCA3-46726C3FDD41}.Debug|x86.Build.0 = Debug|Any CPU
		{D2B81D33-032E-443E-BCA3-46726C3FDD41}.Release|Any CPU.ActiveCfg = Release|Any CPU
		{D2B81D33-032E-443E-BCA3-46726C3FDD41}.Release|Any CPU.Build.0 = Release|Any CPU
		{D2B81D33-032E-443E-BCA3-46726C3FDD41}.Release|ARM.ActiveCfg = Release|Any CPU
		{D2B81D33-032E-443E-BCA3-46726C3FDD41}.Release|ARM.Build.0 = Release|Any CPU
		{D2B81D33-032E-443E-BCA3-46726C3FDD41}.Release|ARM64.ActiveCfg = Release|Any CPU
		{D2B81D33-032E-443E-BCA3-46726C3FDD41}.Release|ARM64.Build.0 = Release|Any CPU
		{D2B81D33-032E-443E-BCA3-46726C3FDD41}.Release|x64.ActiveCfg = Release|Any CPU
		{D2B81D33-032E-443E-BCA3-46726C3FDD41}.Release|x64.Build.0 = Release|Any CPU
		{D2B81D33-032E-443E-BCA3-46726C3FDD41}.Release|x86.ActiveCfg = Release|Any CPU
		{D2B81D33-032E-443E-BCA3-46726C3FDD41}.Release|x86.Build.0 = Release|Any CPU
	EndGlobalSection
	GlobalSection(SolutionProperties) = preSolution
		HideSolutionNode = FALSE
	EndGlobalSection
	GlobalSection(ExtensibilityGlobals) = postSolution
		SolutionGuid = {61117095-1DBF-407A-953A-3EE8698F3672}
	EndGlobalSection
EndGlobal
